<?xml version="1.0" encoding="utf-8"?>
<Project xmlns="http://schemas.microsoft.com/developer/msbuild/2003">
  <PropertyGroup>
    <ProjectGuid>{FFFE14F2-F68A-4C0D-B268-F1AD770964EB}</ProjectGuid>
    <MainSource>Dbtredit.dpr</MainSource>
    <Config Condition="'$(Config)'==''">Debug</Config>
    <DCC_DCCCompiler>DCC32</DCC_DCCCompiler>
    <ProjectVersion>Dbtredit.dpr</ProjectVersion>
  </PropertyGroup>
  <ProjectExtensions>
    <Borland.Personality>Delphi.Personality.12</Borland.Personality>
    <Borland.ProjectType>VCLApplication</Borland.ProjectType>
    <BorlandProject>
      <Delphi.Personality>
        <Source>
          <Source Name="MainSource">12.2</Source>
        </Source>
      </Delphi.Personality>
    </BorlandProject>
    <ProjectFileVersion>12</ProjectFileVersion>
  </ProjectExtensions>
</Project>
